
Microsoft Visual Studio Solution File, Format Version 12.00
# Visual Studio Version 16
VisualStudioVersion = 16.0.32630.194
MinimumVisualStudioVersion = 10.0.40219.1
Project("{FAE04EC0-301F-11D3-BF4B-00C04F79EFBC}") = "RecaptProject1", "RecaptProject1\RecaptProject1.csproj", "{8DF4D6FB-E500-4FAF-BD9A-546DFFA31BEB}"
EndProject
Global
	GlobalSection(SolutionConfigurationPlatforms) = preSolution
		Debug|Any CPU = Debug|Any CPU
		Release|Any CPU = Release|Any CPU
	EndGlobalSection
	GlobalSection(ProjectConfigurationPlatforms) = postSolution
		{8DF4D6FB-E500-4FAF-BD9A-546DFFA31BEB}.Debug|Any CPU.ActiveCfg = Debug|Any CPU
		{8DF4D6FB-E500-4FAF-BD9A-546DFFA31BEB}.Debug|Any CPU.Build.0 = Debug|Any CPU
		{8DF4D6FB-E500-4FAF-BD9A-546DFFA31BEB}.Release|Any CPU.ActiveCfg = Release|Any CPU
		{8DF4D6FB-E500-4FAF-BD9A-546DFFA31BEB}.Release|Any CPU.Build.0 = Release|Any CPU
	EndGlobalSection
	GlobalSection(SolutionProperties) = preSolution
		HideSolutionNode = FALSE
	EndGlobalSection
	GlobalSection(ExtensibilityGlobals) = postSolution
		SolutionGuid = {51912090-BC6A-4F6C-B640-6EAE9B8A0525}
	EndGlobalSection
EndGlobal
